// !$*UTF8*$!
{
	archiveVersion = 1;
	classes = {
	};
	objectVersion = 50;
	objects = {

/* Begin PBXBuildFile section */
		83A89630243C52E20066B987 /* AppDelegate.swift in Sources */ = {isa = PBXBuildFile; fileRef = 83A8962F243C52E20066B987 /* AppDelegate.swift */; };
		83A89632243C52E20066B987 /* SceneDelegate.swift in Sources */ = {isa = PBXBuildFile; fileRef = 83A89631243C52E20066B987 /* SceneDelegate.swift */; };
		83A89634243C52E20066B987 /* ContentView.swift in Sources */ = {isa = PBXBuildFile; fileRef = 83A89633243C52E20066B987 /* ContentView.swift */; };
		83A89636243C52E60066B987 /* Assets.xcassets in Resources */ = {isa = PBXBuildFile; fileRef = 83A89635243C52E60066B987 /* Assets.xcassets */; };
		83A89639243C52E60066B987 /* Preview Assets.xcassets in Resources */ = {isa = PBXBuildFile; fileRef = 83A89638243C52E60066B987 /* Preview Assets.xcassets */; };
		83A8963C243C52E60066B987 /* LaunchScreen.storyboard in Resources */ = {isa = PBXBuildFile; fileRef = 83A8963A243C52E60066B987 /* LaunchScreen.storyboard */; };
/* End PBXBuildFile section */

/* Begin PBXFileReference section */
		83A8962C243C52E20066B987 /* FlashZila.app */ = {isa = PBXFileReference; explicitFileType = wrapper.application; includeInIndex = 0; path = FlashZila.app; sourceTree = BUILT_PRODUCTS_DIR; };
		83A8962F243C52E20066B987 /* AppDelegate.swift */ = {isa = PBXFileReference; lastKnownFileType = sourcecode.swift; path = AppDelegate.swift; sourceTree = "<group>"; };
		83A89631243C52E20066B987 /* SceneDelegate.swift */ = {isa = PBXFileReference; lastKnownFileType = sourcecode.swift; path = SceneDelegate.swift; sourceTree = "<group>"; };
		83A89633243C52E20066B987 /* ContentView.swift */ = {isa = PBXFileReference; lastKnownFileType = sourcecode.swift; path = ContentView.swift; sourceTree = "<group>"; };
		83A89635243C52E60066B987 /* Assets.xcassets */ = {isa = PBXFileReference; lastKnownFileType = folder.assetcatalog; path = Assets.xcassets; sourceTree = "<group>"; };
		83A89638243C52E60066B987 /* Preview Assets.xcassets */ = {isa = PBXFileReference; lastKnownFileType = folder.assetcatalog; path = "Preview Assets.xcassets"; sourceTree = "<group>"; };
		83A8963B243C52E60066B987 /* Base */ = {isa = PBXFileReference; lastKnownFileType = file.storyboard; name = Base; path = Base.lproj/LaunchScreen.storyboard; sourceTree = "<group>"; };
		83A8963D243C52E60066B987 /* Info.plist */ = {isa = PBXFileReference; lastKnownFileType = text.plist.xml; path = Info.plist; sourceTree = "<group>"; };
/* End PBXFileReference section */

/* Begin PBXFrameworksBuildPhase section */
		83A89629243C52E20066B987 /* Frameworks */ = {
			isa = PBXFrameworksBuildPhase;
			buildActionMask = 2147483647;
			files = (
			);
			runOnlyForDeploymentPostprocessing = 0;
		};
/* End PBXFrameworksBuildPhase section */

/* Begin PBXGroup section */
		83A89623243C52E20066B987 = {
			isa = PBXGroup;
			children = (
				83A8962E243C52E20066B987 /* FlashZila */,
				83A8962D243C52E20066B987 /* Products */,
			);
			sourceTree = "<group>";
		};
		83A8962D243C52E20066B987 /* Products */ = {
			isa = PBXGroup;
			children = (
				83A8962C243C52E20066B987 /* FlashZila.app */,
			);
			name = Products;
			sourceTree = "<group>";
		};
		83A8962E243C52E20066B987 /* FlashZila */ = {
			isa = PBXGroup;
			children = (
				83A8962F243C52E20066B987 /* AppDelegate.swift */,
				83A89631243C52E20066B987 /* SceneDelegate.swift */,
				83A89633243C52E20066B987 /* ContentView.swift */,
				83A89635243C52E60066B987 /* Assets.xcassets */,
				83A8963A243C52E60066B987 /* LaunchScreen.storyboard */,
				83A8963D243C52E60066B987 /* Info.plist */,
				83A89637243C52E60066B987 /* Preview Content */,
			);
			path = FlashZila;
			sourceTree = "<group>";
		};
		83A89637243C52E60066B987 /* Preview Content */ = {
			isa = PBXGroup;
			children = (
				83A89638243C52E60066B987 /* Preview Assets.xcassets */,
			);
			path = "Preview Content";
			sourceTree = "<group>";
		};
/* End PBXGroup section */

/* Begin PBXNativeTarget section */
		83A8962B243C52E20066B987 /* FlashZila */ = {
			isa = PBXNativeTarget;
			buildConfigurationList = 83A89640243C52E60066B987 /* Build configuration list for PBXNativeTarget "FlashZila" */;
			buildPhases = (
				83A89628243C52E20066B987 /* Sources */,
				83A89629243C52E20066B987 /* Frameworks */,
				83A8962A243C52E20066B987 /* Resources */,
			);
			buildRules = (
			);
			dependencies = (
			);
			name = FlashZila;
			productName = FlashZila;
			productReference = 83A8962C243C52E20066B987 /* FlashZila.app */;
			productType = "com.apple.product-type.application";
		};
/* End PBXNativeTarget section */

/* Begin PBXProject section */
		83A89624243C52E20066B987 /* Project object */ = {
			isa = PBXProject;
			attributes = {
				LastSwiftUpdateCheck = 1140;
				LastUpgradeCheck = 1140;
				ORGANIZATIONNAME = dominator;
				TargetAttributes = {
					83A8962B243C52E20066B987 = {
						CreatedOnToolsVersion = 11.4;
					};
				};
			};
			buildConfigurationList = 83A89627243C52E20066B987 /* Build configuration list for PBXProject "FlashZila" */;
			compatibilityVersion = "Xcode 9.3";
			developmentRegion = en;
			hasScannedForEncodings = 0;
			knownRegions = (
				en,
				Base,
			);
			mainGroup = 83A89623243C52E20066B987;
			productRefGroup = 83A8962D243C52E20066B987 /* Products */;
			projectDirPath = "";
			projectRoot = "";
			targets = (
				83A8962B243C52E20066B987 /* FlashZila */,
			);
		};
/* End PBXProject section */

/* Begin PBXResourcesBuildPhase section */
		83A8962A243C52E20066B987 /* Resources */ = {
			isa = PBXResourcesBuildPhase;
			buildActionMask = 2147483647;
			files = (
				83A8963C243C52E60066B987 /* LaunchScreen.storyboard in Resources */,
				83A89639243C52E60066B987 /* Preview Assets.xcassets in Resources */,
				83A89636243C52E60066B987 /* Assets.xcassets in Resources */,
			);
			runOnlyForDeploymentPostprocessing = 0;
		};
/* End PBXResourcesBuildPhase section */

/* Begin PBXSourcesBuildPhase section */
		83A89628243C52E20066B987 /* Sources */ = {
			isa = PBXSourcesBuildPhase;
			buildActionMask = 2147483647;
			files = (
				83A89630243C52E20066B987 /* AppDelegate.swift in Sources */,
				83A89632243C52E20066B987 /* SceneDelegate.swift in Sources */,
				83A89634243C52E20066B987 /* ContentView.swift in Sources */,
			);
			runOnlyForDeploymentPostprocessing = 0;
		};
/* End PBXSourcesBuildPhase section */

/* Begin PBXVariantGroup section */
		83A8963A243C52E60066B987 /* LaunchScreen.storyboard */ = {
			isa = PBXVariantGroup;
			children = (
				83A8963B243C52E60066B987 /* Base */,
			);
			name = LaunchScreen.storyboard;
			sourceTree = "<group>";
		};
/* End PBXVariantGroup section */

/* Begin XCBuildConfiguration section */
		83A8963E243C52E60066B987 /* Debug */ = {
			isa = XCBuildConfiguration;
			buildSettings = {
				ALWAYS_SEARCH_USER_PATHS = NO;
				CLANG_ANALYZER_NONNULL = YES;
				CLANG_ANALYZER_NUMBER_OBJECT_CONVERSION = YES_AGGRESSIVE;
				CLANG_CXX_LANGUAGE_STANDARD = "gnu++14";
				CLANG_CXX_LIBRARY = "libc++";
				CLANG_ENABLE_MODULES = YES;
				CLANG_ENABLE_OBJC_ARC = YES;
				CLANG_ENABLE_OBJC_WEAK = YES;
				CLANG_WARN_BLOCK_CAPTURE_AUTORELEASING = YES;
				CLANG_WARN_BOOL_CONVERSION = YES;
				CLANG_WARN_COMMA = YES;
				CLANG_WARN_CONSTANT_CONVERSION = YES;
				CLANG_WARN_DEPRECATED_OBJC_IMPLEMENTATIONS = YES;
				CLANG_WARN_DIRECT_OBJC_ISA_USAGE = YES_ERROR;
				CLANG_WARN_DOCUMENTATION_COMMENTS = YES;
				CLANG_WARN_EMPTY_BODY = YES;
				CLANG_WARN_ENUM_CONVERSION = YES;
				CLANG_WARN_INFINITE_RECURSION = YES;
				CLANG_WARN_INT_CONVERSION = YES;
				CLANG_WARN_NON_LITERAL_NULL_CONVERSION = YES;
				CLANG_WARN_OBJC_IMPLICIT_RETAIN_SELF = YES;
				CLANG_WARN_OBJC_LITERAL_CONVERSION = YES;
				CLANG_WARN_OBJC_ROOT_CLASS = YES_ERROR;
				CLANG_WARN_RANGE_LOOP_ANALYSIS = YES;
				CLANG_WARN_STRICT_PROTOTYPES = YES;
				CLANG_WARN_SUSPICIOUS_MOVE = YES;
				CLANG_WARN_UNGUARDED_AVAILABILITY = YES_AGGRESSIVE;
				CLANG_WARN_UNREACHABLE_CODE = YES;
				CLANG_WARN__DUPLICATE_METHOD_MATCH = YES;
				COPY_PHASE_STRIP = NO;
				DEBUG_INFORMATION_FORMAT = dwarf;
				ENABLE_STRICT_OBJC_MSGSEND = YES;
				ENABLE_TESTABILITY = YES;
				GCC_C_LANGUAGE_STANDARD = gnu11;
				GCC_DYNAMIC_NO_PIC = NO;
				GCC_NO_COMMON_BLOCKS = YES;
				GCC_OPTIMIZATION_LEVEL = 0;
				GCC_PREPROCESSOR_DEFINITIONS = (
					"DEBUG=1",
					"$(inherited)",
				);
				GCC_WARN_64_TO_32_BIT_CONVERSION = YES;
				GCC_WARN_ABOUT_RETURN_TYPE = YES_ERROR;
				GCC_WARN_UNDECLARED_SELECTOR = YES;
				GCC_WARN_UNINITIALIZED_AUTOS = YES_AGGRESSIVE;
				GCC_WARN_UNUSED_FUNCTION = YES;
				GCC_WARN_UNUSED_VARIABLE = YES;
				IPHONEOS_DEPLOYMENT_TARGET = 13.4;
				MTL_ENABLE_DEBUG_INFO = INCLUDE_SOURCE;
				MTL_FAST_MATH = YES;
				ONLY_ACTIVE_ARCH = YES;
				SDKROOT = iphoneos;
				SWIFT_ACTIVE_COMPILATION_CONDITIONS = DEBUG;
				SWIFT_OPTIMIZATION_LEVEL = "-Onone";
			};
			name = Debug;
		};
		83A8963F243C52E60066B987 /* Release */ = {
			isa = XCBuildConfiguration;
			buildSettings = {
				ALWAYS_SEARCH_USER_PATHS = NO;
				CLANG_ANALYZER_NONNULL = YES;
				CLANG_ANALYZER_NUMBER_OBJECT_CONVERSION = YES_AGGRESSIVE;
				CLANG_CXX_LANGUAGE_STANDARD = "gnu++14";
				CLANG_CXX_LIBRARY = "libc++";
				CLANG_ENABLE_MODULES = YES;
				CLANG_ENABLE_OBJC_ARC = YES;
				CLANG_ENABLE_OBJC_WEAK = YES;
				CLANG_WARN_BLOCK_CAPTURE_AUTORELEASING = YES;
				CLANG_WARN_BOOL_CONVERSION = YES;
				CLANG_WARN_COMMA = YES;
				CLANG_WARN_CONSTANT_CONVERSION = YES;
				CLANG_WARN_DEPRECATED_OBJC_IMPLEMENTATIONS = YES;
				CLANG_WARN_DIRECT_OBJC_ISA_USAGE = YES_ERROR;
				CLANG_WARN_DOCUMENTATION_COMMENTS = YES;
				CLANG_WARN_EMPTY_BODY = YES;
				CLANG_WARN_ENUM_CONVERSION = YES;
				CLANG_WARN_INFINITE_RECURSION = YES;
				CLANG_WARN_INT_CONVERSION = YES;
				CLANG_WARN_NON_LITERAL_NULL_CONVERSION = YES;
				CLANG_WARN_OBJC_IMPLICIT_RETAIN_SELF = YES;
				CLANG_WARN_OBJC_LITERAL_CONVERSION = YES;
				CLANG_WARN_OBJC_ROOT_CLASS = YES_ERROR;
				CLANG_WARN_RANGE_LOOP_ANALYSIS = YES;
				CLANG_WARN_STRICT_PROTOTYPES = YES;
				CLANG_WARN_SUSPICIOUS_MOVE = YES;
				CLANG_WARN_UNGUARDED_AVAILABILITY = YES_AGGRESSIVE;
				CLANG_WARN_UNREACHABLE_CODE = YES;
				CLANG_WARN__DUPLICATE_METHOD_MATCH = YES;
				COPY_PHASE_STRIP = NO;
				DEBUG_INFORMATION_FORMAT = "dwarf-with-dsym";
				ENABLE_NS_ASSERTIONS = NO;
				ENABLE_STRICT_OBJC_MSGSEND = YES;
				GCC_C_LANGUAGE_STANDARD = gnu11;
				GCC_NO_COMMON_BLOCKS = YES;
				GCC_WARN_64_TO_32_BIT_CONVERSION = YES;
				GCC_WARN_ABOUT_RETURN_TYPE = YES_ERROR;
				GCC_WARN_UNDECLARED_SELECTOR = YES;
				GCC_WARN_UNINITIALIZED_AUTOS = YES_AGGRESSIVE;
				GCC_WARN_UNUSED_FUNCTION = YES;
				GCC_WARN_UNUSED_VARIABLE = YES;
				IPHONEOS_DEPLOYMENT_TARGET = 13.4;
				MTL_ENABLE_DEBUG_INFO = NO;
				MTL_FAST_MATH = YES;
				SDKROOT = iphoneos;
				SWIFT_COMPILATION_MODE = wholemodule;
				SWIFT_OPTIMIZATION_LEVEL = "-O";
				VALIDATE_PRODUCT = YES;
			};
			name = Release;
		};
		83A89641243C52E60066B987 /* Debug */ = {
			isa = XCBuildConfiguration;
			buildSettings = {
				ASSETCATALOG_COMPILER_APPICON_NAME = AppIcon;
				CODE_SIGN_STYLE = Automatic;
				DEVELOPMENT_ASSET_PATHS = "\"FlashZila/Preview Content\"";
				DEVELOPMENT_TEAM = NWJALMT777;
				ENABLE_PREVIEWS = YES;
				INFOPLIST_FILE = FlashZila/Info.plist;
				LD_RUNPATH_SEARCH_PATHS = (
					"$(inherited)",
					"@executable_path/Frameworks",
				);
				PRODUCT_BUNDLE_IDENTIFIER = co.amitsamant.FlashZila;
				PRODUCT_NAME = "$(TARGET_NAME)";
				SWIFT_VERSION = 5.0;
				TARGETED_DEVICE_FAMILY = "1,2";
			};
			name = Debug;
		};
		83A89642243C52E60066B987 /* Release */ = {
			isa = XCBuildConfiguration;
			buildSettings = {
				ASSETCATALOG_COMPILER_APPICON_NAME = AppIcon;
				CODE_SIGN_STYLE = Automatic;
				DEVELOPMENT_ASSET_PATHS = "\"FlashZila/Preview Content\"";
				DEVELOPMENT_TEAM = NWJALMT777;
				ENABLE_PREVIEWS = YES;
				INFOPLIST_FILE = FlashZila/Info.plist;
				LD_RUNPATH_SEARCH_PATHS = (
					"$(inherited)",
					"@executable_path/Frameworks",
				);
				PRODUCT_BUNDLE_IDENTIFIER = co.amitsamant.FlashZila;
				PRODUCT_NAME = "$(TARGET_NAME)";
				SWIFT_VERSION = 5.0;
				TARGETED_DEVICE_FAMILY = "1,2";
			};
			name = Release;
		};
/* End XCBuildConfiguration section */

/* Begin XCConfigurationList section */
		83A89627243C52E20066B987 /* Build configuration list for PBXProject "FlashZila" */ = {
			isa = XCConfigurationList;
			buildConfigurations = (
				83A8963E243C52E60066B987 /* Debug */,
				83A8963F243C52E60066B987 /* Release */,
			);
			defaultConfigurationIsVisible = 0;
			defaultConfigurationName = Release;
		};
		83A89640243C52E60066B987 /* Build configuration list for PBXNativeTarget "FlashZila" */ = {
			isa = XCConfigurationList;
			buildConfigurations = (
				83A89641243C52E60066B987 /* Debug */,
				83A89642243C52E60066B987 /* Release */,
			);
			defaultConfigurationIsVisible = 0;
			defaultConfigurationName = Release;
		};
/* End XCConfigurationList section */
	};
	rootObject = 83A89624243C52E20066B987 /* Project object */;
}
